
Microsoft Visual Studio Solution File, Format Version 12.00
# Visual Studio 2012
Project("{FAE04EC0-301F-11D3-BF4B-00C04F79EFBC}") = "NumberGenerator", "NumberGenerator\NumberGenerator.csproj", "{580BBACA-9889-4BCC-9B43-9C454AAECC02}"
EndProject
Project("{FAE04EC0-301F-11D3-BF4B-00C04F79EFBC}") = "NumberGenerator.Tests", "NumberGenerator.Tests\NumberGenerator.Tests.csproj", "{1B73CF6C-BB5C-4733-9DB3-E9DF7ECDCF7D}"
EndProject
Global
	GlobalSection(SolutionConfigurationPlatforms) = preSolution
		Debug|Any CPU = Debug|Any CPU
		Release|Any CPU = Release|Any CPU
	EndGlobalSection
	GlobalSection(ProjectConfigurationPlatforms) = postSolution
		{580BBACA-9889-4BCC-9B43-9C454AAECC02}.Debug|Any CPU.ActiveCfg = Debug|Any CPU
		{580BBACA-9889-4BCC-9B43-9C454AAECC02}.Debug|Any CPU.Build.0 = Debug|Any CPU
		{580BBACA-9889-4BCC-9B43-9C454AAECC02}.Release|Any CPU.ActiveCfg = Release|Any CPU
		{580BBACA-9889-4BCC-9B43-9C454AAECC02}.Release|Any CPU.Build.0 = Release|Any CPU
		{1B73CF6C-BB5C-4733-9DB3-E9DF7ECDCF7D}.Debug|Any CPU.ActiveCfg = Debug|Any CPU
		{1B73CF6C-BB5C-4733-9DB3-E9DF7ECDCF7D}.Debug|Any CPU.Build.0 = Debug|Any CPU
		{1B73CF6C-BB5C-4733-9DB3-E9DF7ECDCF7D}.Release|Any CPU.ActiveCfg = Release|Any CPU
		{1B73CF6C-BB5C-4733-9DB3-E9DF7ECDCF7D}.Release|Any CPU.Build.0 = Release|Any CPU
	EndGlobalSection
	GlobalSection(SolutionProperties) = preSolution
		HideSolutionNode = FALSE
	EndGlobalSection
EndGlobal
